
Microsoft Visual Studio Solution File, Format Version 12.00
# Visual Studio Version 17
VisualStudioVersion = 17.5.002.0
MinimumVisualStudioVersion = 10.0.40219.1
Project("{9A19103F-16F7-4668-BE54-9A1E7A4F7556}") = "NewProjectSample", "NewProjectSample.csproj", "{D0C8F8A1-3E53-4DD2-AB96-D111DA72747B}"
EndProject
Global
	GlobalSection(SolutionConfigurationPlatforms) = preSolution
		Debug|Any CPU = Debug|Any CPU
		Release|Any CPU = Release|Any CPU
	EndGlobalSection
	GlobalSection(ProjectConfigurationPlatforms) = postSolution
		{D0C8F8A1-3E53-4DD2-AB96-D111DA72747B}.Debug|Any CPU.ActiveCfg = Debug|Any CPU
		{D0C8F8A1-3E53-4DD2-AB96-D111DA72747B}.Debug|Any CPU.Build.0 = Debug|Any CPU
		{D0C8F8A1-3E53-4DD2-AB96-D111DA72747B}.Release|Any CPU.ActiveCfg = Release|Any CPU
		{D0C8F8A1-3E53-4DD2-AB96-D111DA72747B}.Release|Any CPU.Build.0 = Release|Any CPU
	EndGlobalSection
	GlobalSection(SolutionProperties) = preSolution
		HideSolutionNode = FALSE
	EndGlobalSection
	GlobalSection(ExtensibilityGlobals) = postSolution
		SolutionGuid = {A3791D2E-1337-4838-89DE-E6F29CE4C1D3}
	EndGlobalSection
EndGlobal
